
Microsoft Visual Studio Solution File, Format Version 12.00
# Visual Studio Version 17
VisualStudioVersion = 17.2.32602.215
MinimumVisualStudioVersion = 10.0.40219.1
Project("{FAE04EC0-301F-11D3-BF4B-00C04F79EFBC}") = "PersianConsole", "PersianConsole\PersianConsole.csproj", "{4D81D7D3-2B17-4A59-B07F-FD91F62FFA1F}"
EndProject
Global
	GlobalSection(SolutionConfigurationPlatforms) = preSolution
		Debug|Any CPU = Debug|Any CPU
		Release|Any CPU = Release|Any CPU
	EndGlobalSection
	GlobalSection(ProjectConfigurationPlatforms) = postSolution
		{4D81D7D3-2B17-4A59-B07F-FD91F62FFA1F}.Debug|Any CPU.ActiveCfg = Debug|Any CPU
		{4D81D7D3-2B17-4A59-B07F-FD91F62FFA1F}.Debug|Any CPU.Build.0 = Debug|Any CPU
		{4D81D7D3-2B17-4A59-B07F-FD91F62FFA1F}.Release|Any CPU.ActiveCfg = Release|Any CPU
		{4D81D7D3-2B17-4A59-B07F-FD91F62FFA1F}.Release|Any CPU.Build.0 = Release|Any CPU
	EndGlobalSection
	GlobalSection(SolutionProperties) = preSolution
		HideSolutionNode = FALSE
	EndGlobalSection
	GlobalSection(ExtensibilityGlobals) = postSolution
		SolutionGuid = {D86A0997-5936-4B20-B98E-724F31C9D7C9}
	EndGlobalSection
EndGlobal
